// !$*UTF8*$!
{
	archiveVersion = 1;
	classes = {
	};
	objectVersion = 55;
	objects = {

/* Begin PBXBuildFile section */
		AB37410D27C75CC600A60681 /* AppStoryboard.storyboard in Resources */ = {isa = PBXBuildFile; fileRef = AB37410C27C75CC600A60681 /* AppStoryboard.storyboard */; };
		AB37410F27C75D8D00A60681 /* firstViewController.swift in Sources */ = {isa = PBXBuildFile; fileRef = AB37410E27C75D8C00A60681 /* firstViewController.swift */; };
		ABA7F9EB27C6399D00BC81C1 /* AppDelegate.swift in Sources */ = {isa = PBXBuildFile; fileRef = ABA7F9EA27C6399D00BC81C1 /* AppDelegate.swift */; };
		ABA7F9ED27C6399D00BC81C1 /* SceneDelegate.swift in Sources */ = {isa = PBXBuildFile; fileRef = ABA7F9EC27C6399D00BC81C1 /* SceneDelegate.swift */; };
		ABA7F9EF27C6399D00BC81C1 /* welcomeScreenViewController.swift in Sources */ = {isa = PBXBuildFile; fileRef = ABA7F9EE27C6399D00BC81C1 /* welcomeScreenViewController.swift */; };
		ABA7F9F227C6399D00BC81C1 /* Main.storyboard in Resources */ = {isa = PBXBuildFile; fileRef = ABA7F9F027C6399D00BC81C1 /* Main.storyboard */; };
		ABA7F9F427C6399E00BC81C1 /* Assets.xcassets in Resources */ = {isa = PBXBuildFile; fileRef = ABA7F9F327C6399E00BC81C1 /* Assets.xcassets */; };
		ABA7F9F727C6399E00BC81C1 /* LaunchScreen.storyboard in Resources */ = {isa = PBXBuildFile; fileRef = ABA7F9F527C6399E00BC81C1 /* LaunchScreen.storyboard */; };
		ABA7FA0227C6399E00BC81C1 /* myappTests.swift in Sources */ = {isa = PBXBuildFile; fileRef = ABA7FA0127C6399E00BC81C1 /* myappTests.swift */; };
		ABA7FA0C27C6399E00BC81C1 /* myappUITests.swift in Sources */ = {isa = PBXBuildFile; fileRef = ABA7FA0B27C6399E00BC81C1 /* myappUITests.swift */; };
		ABA7FA0E27C6399E00BC81C1 /* myappUITestsLaunchTests.swift in Sources */ = {isa = PBXBuildFile; fileRef = ABA7FA0D27C6399E00BC81C1 /* myappUITestsLaunchTests.swift */; };
		ABA7FA1C27C63E1D00BC81C1 /* Lottie in Frameworks */ = {isa = PBXBuildFile; productRef = ABA7FA1B27C63E1D00BC81C1 /* Lottie */; };
		ABA7FA1E27C63E6400BC81C1 /* coffee.json in Resources */ = {isa = PBXBuildFile; fileRef = ABA7FA1D27C63E6400BC81C1 /* coffee.json */; };
		ABA7FA2027C641F900BC81C1 /* my.json in Resources */ = {isa = PBXBuildFile; fileRef = ABA7FA1F27C641F900BC81C1 /* my.json */; };
/* End PBXBuildFile section */

/* Begin PBXContainerItemProxy section */
		ABA7F9FE27C6399E00BC81C1 /* PBXContainerItemProxy */ = {
			isa = PBXContainerItemProxy;
			containerPortal = ABA7F9DF27C6399C00BC81C1 /* Project object */;
			proxyType = 1;
			remoteGlobalIDString = ABA7F9E627C6399D00BC81C1;
			remoteInfo = myapp;
		};
		ABA7FA0827C6399E00BC81C1 /* PBXContainerItemProxy */ = {
			isa = PBXContainerItemProxy;
			containerPortal = ABA7F9DF27C6399C00BC81C1 /* Project object */;
			proxyType = 1;
			remoteGlobalIDString = ABA7F9E627C6399D00BC81C1;
			remoteInfo = myapp;
		};
/* End PBXContainerItemProxy section */

/* Begin PBXFileReference section */
		AB37410C27C75CC600A60681 /* AppStoryboard.storyboard */ = {isa = PBXFileReference; lastKnownFileType = file.storyboard; path = AppStoryboard.storyboard; sourceTree = "<group>"; };
		AB37410E27C75D8C00A60681 /* firstViewController.swift */ = {isa = PBXFileReference; lastKnownFileType = sourcecode.swift; path = firstViewController.swift; sourceTree = "<group>"; };
		ABA7F9E727C6399D00BC81C1 /* myapp.app */ = {isa = PBXFileReference; explicitFileType = wrapper.application; includeInIndex = 0; path = myapp.app; sourceTree = BUILT_PRODUCTS_DIR; };
		ABA7F9EA27C6399D00BC81C1 /* AppDelegate.swift */ = {isa = PBXFileReference; lastKnownFileType = sourcecode.swift; path = AppDelegate.swift; sourceTree = "<group>"; };
		ABA7F9EC27C6399D00BC81C1 /* SceneDelegate.swift */ = {isa = PBXFileReference; lastKnownFileType = sourcecode.swift; path = SceneDelegate.swift; sourceTree = "<group>"; };
		ABA7F9EE27C6399D00BC81C1 /* welcomeScreenViewController.swift */ = {isa = PBXFileReference; lastKnownFileType = sourcecode.swift; path = welcomeScreenViewController.swift; sourceTree = "<group>"; };
		ABA7F9F127C6399D00BC81C1 /* Base */ = {isa = PBXFileReference; lastKnownFileType = file.storyboard; name = Base; path = Base.lproj/Main.storyboard; sourceTree = "<group>"; };
		ABA7F9F327C6399E00BC81C1 /* Assets.xcassets */ = {isa = PBXFileReference; lastKnownFileType = folder.assetcatalog; path = Assets.xcassets; sourceTree = "<group>"; };
		ABA7F9F627C6399E00BC81C1 /* Base */ = {isa = PBXFileReference; lastKnownFileType = file.storyboard; name = Base; path = Base.lproj/LaunchScreen.storyboard; sourceTree = "<group>"; };
		ABA7F9F827C6399E00BC81C1 /* Info.plist */ = {isa = PBXFileReference; lastKnownFileType = text.plist.xml; path = Info.plist; sourceTree = "<group>"; };
		ABA7F9FD27C6399E00BC81C1 /* myappTests.xctest */ = {isa = PBXFileReference; explicitFileType = wrapper.cfbundle; includeInIndex = 0; path = myappTests.xctest; sourceTree = BUILT_PRODUCTS_DIR; };
		ABA7FA0127C6399E00BC81C1 /* myappTests.swift */ = {isa = PBXFileReference; lastKnownFileType = sourcecode.swift; path = myappTests.swift; sourceTree = "<group>"; };
		ABA7FA0727C6399E00BC81C1 /* myappUITests.xctest */ = {isa = PBXFileReference; explicitFileType = wrapper.cfbundle; includeInIndex = 0; path = myappUITests.xctest; sourceTree = BUILT_PRODUCTS_DIR; };
		ABA7FA0B27C6399E00BC81C1 /* myappUITests.swift */ = {isa = PBXFileReference; lastKnownFileType = sourcecode.swift; path = myappUITests.swift; sourceTree = "<group>"; };
		ABA7FA0D27C6399E00BC81C1 /* myappUITestsLaunchTests.swift */ = {isa = PBXFileReference; lastKnownFileType = sourcecode.swift; path = myappUITestsLaunchTests.swift; sourceTree = "<group>"; };
		ABA7FA1D27C63E6400BC81C1 /* coffee.json */ = {isa = PBXFileReference; fileEncoding = 4; lastKnownFileType = text.json; path = coffee.json; sourceTree = "<group>"; };
		ABA7FA1F27C641F900BC81C1 /* my.json */ = {isa = PBXFileReference; fileEncoding = 4; lastKnownFileType = text.json; path = my.json; sourceTree = "<group>"; };
/* End PBXFileReference section */

/* Begin PBXFrameworksBuildPhase section */
		ABA7F9E427C6399D00BC81C1 /* Frameworks */ = {
			isa = PBXFrameworksBuildPhase;
			buildActionMask = 2147483647;
			files = (
				ABA7FA1C27C63E1D00BC81C1 /* Lottie in Frameworks */,
			);
			runOnlyForDeploymentPostprocessing = 0;
		};
		ABA7F9FA27C6399E00BC81C1 /* Frameworks */ = {
			isa = PBXFrameworksBuildPhase;
			buildActionMask = 2147483647;
			files = (
			);
			runOnlyForDeploymentPostprocessing = 0;
		};
		ABA7FA0427C6399E00BC81C1 /* Frameworks */ = {
			isa = PBXFrameworksBuildPhase;
			buildActionMask = 2147483647;
			files = (
			);
			runOnlyForDeploymentPostprocessing = 0;
		};
/* End PBXFrameworksBuildPhase section */

/* Begin PBXGroup section */
		ABA7F9DE27C6399C00BC81C1 = {
			isa = PBXGroup;
			children = (
				ABA7F9E927C6399D00BC81C1 /* myapp */,
				ABA7FA0027C6399E00BC81C1 /* myappTests */,
				ABA7FA0A27C6399E00BC81C1 /* myappUITests */,
				ABA7F9E827C6399D00BC81C1 /* Products */,
			);
			sourceTree = "<group>";
		};
		ABA7F9E827C6399D00BC81C1 /* Products */ = {
			isa = PBXGroup;
			children = (
				ABA7F9E727C6399D00BC81C1 /* myapp.app */,
				ABA7F9FD27C6399E00BC81C1 /* myappTests.xctest */,
				ABA7FA0727C6399E00BC81C1 /* myappUITests.xctest */,
			);
			name = Products;
			sourceTree = "<group>";
		};
		ABA7F9E927C6399D00BC81C1 /* myapp */ = {
			isa = PBXGroup;
			children = (
				ABA7F9EA27C6399D00BC81C1 /* AppDelegate.swift */,
				ABA7F9EC27C6399D00BC81C1 /* SceneDelegate.swift */,
				ABA7F9EE27C6399D00BC81C1 /* welcomeScreenViewController.swift */,
				ABA7FA1D27C63E6400BC81C1 /* coffee.json */,
				ABA7FA1F27C641F900BC81C1 /* my.json */,
				ABA7F9F027C6399D00BC81C1 /* Main.storyboard */,
				AB37410C27C75CC600A60681 /* AppStoryboard.storyboard */,
				ABA7F9F327C6399E00BC81C1 /* Assets.xcassets */,
				ABA7F9F527C6399E00BC81C1 /* LaunchScreen.storyboard */,
				ABA7F9F827C6399E00BC81C1 /* Info.plist */,
				AB37410E27C75D8C00A60681 /* firstViewController.swift */,
			);
			path = myapp;
			sourceTree = "<group>";
		};
		ABA7FA0027C6399E00BC81C1 /* myappTests */ = {
			isa = PBXGroup;
			children = (
				ABA7FA0127C6399E00BC81C1 /* myappTests.swift */,
			);
			path = myappTests;
			sourceTree = "<group>";
		};
		ABA7FA0A27C6399E00BC81C1 /* myappUITests */ = {
			isa = PBXGroup;
			children = (
				ABA7FA0B27C6399E00BC81C1 /* myappUITests.swift */,
				ABA7FA0D27C6399E00BC81C1 /* myappUITestsLaunchTests.swift */,
			);
			path = myappUITests;
			sourceTree = "<group>";
		};
/* End PBXGroup section */

/* Begin PBXNativeTarget section */
		ABA7F9E627C6399D00BC81C1 /* myapp */ = {
			isa = PBXNativeTarget;
			buildConfigurationList = ABA7FA1127C6399E00BC81C1 /* Build configuration list for PBXNativeTarget "myapp" */;
			buildPhases = (
				ABA7F9E327C6399D00BC81C1 /* Sources */,
				ABA7F9E427C6399D00BC81C1 /* Frameworks */,
				ABA7F9E527C6399D00BC81C1 /* Resources */,
			);
			buildRules = (
			);
			dependencies = (
			);
			name = myapp;
			packageProductDependencies = (
				ABA7FA1B27C63E1D00BC81C1 /* Lottie */,
			);
			productName = myapp;
			productReference = ABA7F9E727C6399D00BC81C1 /* myapp.app */;
			productType = "com.apple.product-type.application";
		};
		ABA7F9FC27C6399E00BC81C1 /* myappTests */ = {
			isa = PBXNativeTarget;
			buildConfigurationList = ABA7FA1427C6399E00BC81C1 /* Build configuration list for PBXNativeTarget "myappTests" */;
			buildPhases = (
				ABA7F9F927C6399E00BC81C1 /* Sources */,
				ABA7F9FA27C6399E00BC81C1 /* Frameworks */,
				ABA7F9FB27C6399E00BC81C1 /* Resources */,
			);
			buildRules = (
			);
			dependencies = (
				ABA7F9FF27C6399E00BC81C1 /* PBXTargetDependency */,
			);
			name = myappTests;
			productName = myappTests;
			productReference = ABA7F9FD27C6399E00BC81C1 /* myappTests.xctest */;
			productType = "com.apple.product-type.bundle.unit-test";
		};
		ABA7FA0627C6399E00BC81C1 /* myappUITests */ = {
			isa = PBXNativeTarget;
			buildConfigurationList = ABA7FA1727C6399E00BC81C1 /* Build configuration list for PBXNativeTarget "myappUITests" */;
			buildPhases = (
				ABA7FA0327C6399E00BC81C1 /* Sources */,
				ABA7FA0427C6399E00BC81C1 /* Frameworks */,
				ABA7FA0527C6399E00BC81C1 /* Resources */,
			);
			buildRules = (
			);
			dependencies = (
				ABA7FA0927C6399E00BC81C1 /* PBXTargetDependency */,
			);
			name = myappUITests;
			productName = myappUITests;
			productReference = ABA7FA0727C6399E00BC81C1 /* myappUITests.xctest */;
			productType = "com.apple.product-type.bundle.ui-testing";
		};
/* End PBXNativeTarget section */

/* Begin PBXProject section */
		ABA7F9DF27C6399C00BC81C1 /* Project object */ = {
			isa = PBXProject;
			attributes = {
				BuildIndependentTargetsInParallel = 1;
				LastSwiftUpdateCheck = 1310;
				LastUpgradeCheck = 1310;
				TargetAttributes = {
					ABA7F9E627C6399D00BC81C1 = {
						CreatedOnToolsVersion = 13.1;
					};
					ABA7F9FC27C6399E00BC81C1 = {
						CreatedOnToolsVersion = 13.1;
						TestTargetID = ABA7F9E627C6399D00BC81C1;
					};
					ABA7FA0627C6399E00BC81C1 = {
						CreatedOnToolsVersion = 13.1;
						TestTargetID = ABA7F9E627C6399D00BC81C1;
					};
				};
			};
			buildConfigurationList = ABA7F9E227C6399C00BC81C1 /* Build configuration list for PBXProject "myapp" */;
			compatibilityVersion = "Xcode 13.0";
			developmentRegion = en;
			hasScannedForEncodings = 0;
			knownRegions = (
				en,
				Base,
			);
			mainGroup = ABA7F9DE27C6399C00BC81C1;
			packageReferences = (
				ABA7FA1A27C63E1D00BC81C1 /* XCRemoteSwiftPackageReference "lottie-ios" */,
			);
			productRefGroup = ABA7F9E827C6399D00BC81C1 /* Products */;
			projectDirPath = "";
			projectRoot = "";
			targets = (
				ABA7F9E627C6399D00BC81C1 /* myapp */,
				ABA7F9FC27C6399E00BC81C1 /* myappTests */,
				ABA7FA0627C6399E00BC81C1 /* myappUITests */,
			);
		};
/* End PBXProject section */

/* Begin PBXResourcesBuildPhase section */
		ABA7F9E527C6399D00BC81C1 /* Resources */ = {
			isa = PBXResourcesBuildPhase;
			buildActionMask = 2147483647;
			files = (
				ABA7F9F727C6399E00BC81C1 /* LaunchScreen.storyboard in Resources */,
				ABA7FA2027C641F900BC81C1 /* my.json in Resources */,
				ABA7F9F427C6399E00BC81C1 /* Assets.xcassets in Resources */,
				ABA7F9F227C6399D00BC81C1 /* Main.storyboard in Resources */,
				ABA7FA1E27C63E6400BC81C1 /* coffee.json in Resources */,
				AB37410D27C75CC600A60681 /* AppStoryboard.storyboard in Resources */,
			);
			runOnlyForDeploymentPostprocessing = 0;
		};
		ABA7F9FB27C6399E00BC81C1 /* Resources */ = {
			isa = PBXResourcesBuildPhase;
			buildActionMask = 2147483647;
			files = (
			);
			runOnlyForDeploymentPostprocessing = 0;
		};
		ABA7FA0527C6399E00BC81C1 /* Resources */ = {
			isa = PBXResourcesBuildPhase;
			buildActionMask = 2147483647;
			files = (
			);
			runOnlyForDeploymentPostprocessing = 0;
		};
/* End PBXResourcesBuildPhase section */

/* Begin PBXSourcesBuildPhase section */
		ABA7F9E327C6399D00BC81C1 /* Sources */ = {
			isa = PBXSourcesBuildPhase;
			buildActionMask = 2147483647;
			files = (
				ABA7F9EF27C6399D00BC81C1 /* welcomeScreenViewController.swift in Sources */,
				ABA7F9EB27C6399D00BC81C1 /* AppDelegate.swift in Sources */,
				ABA7F9ED27C6399D00BC81C1 /* SceneDelegate.swift in Sources */,
				AB37410F27C75D8D00A60681 /* firstViewController.swift in Sources */,
			);
			runOnlyForDeploymentPostprocessing = 0;
		};
		ABA7F9F927C6399E00BC81C1 /* Sources */ = {
			isa = PBXSourcesBuildPhase;
			buildActionMask = 2147483647;
			files = (
				ABA7FA0227C6399E00BC81C1 /* myappTests.swift in Sources */,
			);
			runOnlyForDeploymentPostprocessing = 0;
		};
		ABA7FA0327C6399E00BC81C1 /* Sources */ = {
			isa = PBXSourcesBuildPhase;
			buildActionMask = 2147483647;
			files = (
				ABA7FA0E27C6399E00BC81C1 /* myappUITestsLaunchTests.swift in Sources */,
				ABA7FA0C27C6399E00BC81C1 /* myappUITests.swift in Sources */,
			);
			runOnlyForDeploymentPostprocessing = 0;
		};
/* End PBXSourcesBuildPhase section */

/* Begin PBXTargetDependency section */
		ABA7F9FF27C6399E00BC81C1 /* PBXTargetDependency */ = {
			isa = PBXTargetDependency;
			target = ABA7F9E627C6399D00BC81C1 /* myapp */;
			targetProxy = ABA7F9FE27C6399E00BC81C1 /* PBXContainerItemProxy */;
		};
		ABA7FA0927C6399E00BC81C1 /* PBXTargetDependency */ = {
			isa = PBXTargetDependency;
			target = ABA7F9E627C6399D00BC81C1 /* myapp */;
			targetProxy = ABA7FA0827C6399E00BC81C1 /* PBXContainerItemProxy */;
		};
/* End PBXTargetDependency section */

/* Begin PBXVariantGroup section */
		ABA7F9F027C6399D00BC81C1 /* Main.storyboard */ = {
			isa = PBXVariantGroup;
			children = (
				ABA7F9F127C6399D00BC81C1 /* Base */,
			);
			name = Main.storyboard;
			sourceTree = "<group>";
		};
		ABA7F9F527C6399E00BC81C1 /* LaunchScreen.storyboard */ = {
			isa = PBXVariantGroup;
			children = (
				ABA7F9F627C6399E00BC81C1 /* Base */,
			);
			name = LaunchScreen.storyboard;
			sourceTree = "<group>";
		};
/* End PBXVariantGroup section */

/* Begin XCBuildConfiguration section */
		ABA7FA0F27C6399E00BC81C1 /* Debug */ = {
			isa = XCBuildConfiguration;
			buildSettings = {
				ALWAYS_SEARCH_USER_PATHS = NO;
				CLANG_ANALYZER_NONNULL = YES;
				CLANG_ANALYZER_NUMBER_OBJECT_CONVERSION = YES_AGGRESSIVE;
				CLANG_CXX_LANGUAGE_STANDARD = "gnu++17";
				CLANG_CXX_LIBRARY = "libc++";
				CLANG_ENABLE_MODULES = YES;
				CLANG_ENABLE_OBJC_ARC = YES;
				CLANG_ENABLE_OBJC_WEAK = YES;
				CLANG_WARN_BLOCK_CAPTURE_AUTORELEASING = YES;
				CLANG_WARN_BOOL_CONVERSION = YES;
				CLANG_WARN_COMMA = YES;
				CLANG_WARN_CONSTANT_CONVERSION = YES;
				CLANG_WARN_DEPRECATED_OBJC_IMPLEMENTATIONS = YES;
				CLANG_WARN_DIRECT_OBJC_ISA_USAGE = YES_ERROR;
				CLANG_WARN_DOCUMENTATION_COMMENTS = YES;
				CLANG_WARN_EMPTY_BODY = YES;
				CLANG_WARN_ENUM_CONVERSION = YES;
				CLANG_WARN_INFINITE_RECURSION = YES;
				CLANG_WARN_INT_CONVERSION = YES;
				CLANG_WARN_NON_LITERAL_NULL_CONVERSION = YES;
				CLANG_WARN_OBJC_IMPLICIT_RETAIN_SELF = YES;
				CLANG_WARN_OBJC_LITERAL_CONVERSION = YES;
				CLANG_WARN_OBJC_ROOT_CLASS = YES_ERROR;
				CLANG_WARN_QUOTED_INCLUDE_IN_FRAMEWORK_HEADER = YES;
				CLANG_WARN_RANGE_LOOP_ANALYSIS = YES;
				CLANG_WARN_STRICT_PROTOTYPES = YES;
				CLANG_WARN_SUSPICIOUS_MOVE = YES;
				CLANG_WARN_UNGUARDED_AVAILABILITY = YES_AGGRESSIVE;
				CLANG_WARN_UNREACHABLE_CODE = YES;
				CLANG_WARN__DUPLICATE_METHOD_MATCH = YES;
				COPY_PHASE_STRIP = NO;
				DEBUG_INFORMATION_FORMAT = dwarf;
				ENABLE_STRICT_OBJC_MSGSEND = YES;
				ENABLE_TESTABILITY = YES;
				GCC_C_LANGUAGE_STANDARD = gnu11;
				GCC_DYNAMIC_NO_PIC = NO;
				GCC_NO_COMMON_BLOCKS = YES;
				GCC_OPTIMIZATION_LEVEL = 0;
				GCC_PREPROCESSOR_DEFINITIONS = (
					"DEBUG=1",
					"$(inherited)",
				);
				GCC_WARN_64_TO_32_BIT_CONVERSION = YES;
				GCC_WARN_ABOUT_RETURN_TYPE = YES_ERROR;
				GCC_WARN_UNDECLARED_SELECTOR = YES;
				GCC_WARN_UNINITIALIZED_AUTOS = YES_AGGRESSIVE;
				GCC_WARN_UNUSED_FUNCTION = YES;
				GCC_WARN_UNUSED_VARIABLE = YES;
				IPHONEOS_DEPLOYMENT_TARGET = 15.0;
				MTL_ENABLE_DEBUG_INFO = INCLUDE_SOURCE;
				MTL_FAST_MATH = YES;
				ONLY_ACTIVE_ARCH = YES;
				SDKROOT = iphoneos;
				SWIFT_ACTIVE_COMPILATION_CONDITIONS = DEBUG;
				SWIFT_OPTIMIZATION_LEVEL = "-Onone";
			};
			name = Debug;
		};
		ABA7FA1027C6399E00BC81C1 /* Release */ = {
			isa = XCBuildConfiguration;
			buildSettings = {
				ALWAYS_SEARCH_USER_PATHS = NO;
				CLANG_ANALYZER_NONNULL = YES;
				CLANG_ANALYZER_NUMBER_OBJECT_CONVERSION = YES_AGGRESSIVE;
				CLANG_CXX_LANGUAGE_STANDARD = "gnu++17";
				CLANG_CXX_LIBRARY = "libc++";
				CLANG_ENABLE_MODULES = YES;
				CLANG_ENABLE_OBJC_ARC = YES;
				CLANG_ENABLE_OBJC_WEAK = YES;
				CLANG_WARN_BLOCK_CAPTURE_AUTORELEASING = YES;
				CLANG_WARN_BOOL_CONVERSION = YES;
				CLANG_WARN_COMMA = YES;
				CLANG_WARN_CONSTANT_CONVERSION = YES;
				CLANG_WARN_DEPRECATED_OBJC_IMPLEMENTATIONS = YES;
				CLANG_WARN_DIRECT_OBJC_ISA_USAGE = YES_ERROR;
				CLANG_WARN_DOCUMENTATION_COMMENTS = YES;
				CLANG_WARN_EMPTY_BODY = YES;
				CLANG_WARN_ENUM_CONVERSION = YES;
				CLANG_WARN_INFINITE_RECURSION = YES;
				CLANG_WARN_INT_CONVERSION = YES;
				CLANG_WARN_NON_LITERAL_NULL_CONVERSION = YES;
				CLANG_WARN_OBJC_IMPLICIT_RETAIN_SELF = YES;
				CLANG_WARN_OBJC_LITERAL_CONVERSION = YES;
				CLANG_WARN_OBJC_ROOT_CLASS = YES_ERROR;
				CLANG_WARN_QUOTED_INCLUDE_IN_FRAMEWORK_HEADER = YES;
				CLANG_WARN_RANGE_LOOP_ANALYSIS = YES;
				CLANG_WARN_STRICT_PROTOTYPES = YES;
				CLANG_WARN_SUSPICIOUS_MOVE = YES;
				CLANG_WARN_UNGUARDED_AVAILABILITY = YES_AGGRESSIVE;
				CLANG_WARN_UNREACHABLE_CODE = YES;
				CLANG_WARN__DUPLICATE_METHOD_MATCH = YES;
				COPY_PHASE_STRIP = NO;
				DEBUG_INFORMATION_FORMAT = "dwarf-with-dsym";
				ENABLE_NS_ASSERTIONS = NO;
				ENABLE_STRICT_OBJC_MSGSEND = YES;
				GCC_C_LANGUAGE_STANDARD = gnu11;
				GCC_NO_COMMON_BLOCKS = YES;
				GCC_WARN_64_TO_32_BIT_CONVERSION = YES;
				GCC_WARN_ABOUT_RETURN_TYPE = YES_ERROR;
				GCC_WARN_UNDECLARED_SELECTOR = YES;
				GCC_WARN_UNINITIALIZED_AUTOS = YES_AGGRESSIVE;
				GCC_WARN_UNUSED_FUNCTION = YES;
				GCC_WARN_UNUSED_VARIABLE = YES;
				IPHONEOS_DEPLOYMENT_TARGET = 15.0;
				MTL_ENABLE_DEBUG_INFO = NO;
				MTL_FAST_MATH = YES;
				SDKROOT = iphoneos;
				SWIFT_COMPILATION_MODE = wholemodule;
				SWIFT_OPTIMIZATION_LEVEL = "-O";
				VALIDATE_PRODUCT = YES;
			};
			name = Release;
		};
		ABA7FA1227C6399E00BC81C1 /* Debug */ = {
			isa = XCBuildConfiguration;
			buildSettings = {
				ASSETCATALOG_COMPILER_APPICON_NAME = AppIcon;
				ASSETCATALOG_COMPILER_GLOBAL_ACCENT_COLOR_NAME = AccentColor;
				CODE_SIGN_STYLE = Automatic;
				CURRENT_PROJECT_VERSION = 1;
				DEVELOPMENT_TEAM = P2A5X9EC45;
				GENERATE_INFOPLIST_FILE = YES;
				INFOPLIST_FILE = myapp/Info.plist;
				INFOPLIST_KEY_UIApplicationSupportsIndirectInputEvents = YES;
				INFOPLIST_KEY_UILaunchStoryboardName = LaunchScreen;
				INFOPLIST_KEY_UIMainStoryboardFile = Main;
				INFOPLIST_KEY_UISupportedInterfaceOrientations_iPad = "UIInterfaceOrientationPortrait UIInterfaceOrientationPortraitUpsideDown UIInterfaceOrientationLandscapeLeft UIInterfaceOrientationLandscapeRight";
				INFOPLIST_KEY_UISupportedInterfaceOrientations_iPhone = "UIInterfaceOrientationPortrait UIInterfaceOrientationLandscapeLeft UIInterfaceOrientationLandscapeRight";
				LD_RUNPATH_SEARCH_PATHS = (
					"$(inherited)",
					"@executable_path/Frameworks",
				);
				MARKETING_VERSION = 1.0;
				PRODUCT_BUNDLE_IDENTIFIER = com.erhan.InsagramClone.myapp;
				PRODUCT_NAME = "$(TARGET_NAME)";
				SWIFT_EMIT_LOC_STRINGS = YES;
				SWIFT_VERSION = 5.0;
				TARGETED_DEVICE_FAMILY = "1,2";
			};
			name = Debug;
		};
		ABA7FA1327C6399E00BC81C1 /* Release */ = {
			isa = XCBuildConfiguration;
			buildSettings = {
				ASSETCATALOG_COMPILER_APPICON_NAME = AppIcon;
				ASSETCATALOG_COMPILER_GLOBAL_ACCENT_COLOR_NAME = AccentColor;
				CODE_SIGN_STYLE = Automatic;
				CURRENT_PROJECT_VERSION = 1;
				DEVELOPMENT_TEAM = P2A5X9EC45;
				GENERATE_INFOPLIST_FILE = YES;
				INFOPLIST_FILE = myapp/Info.plist;
				INFOPLIST_KEY_UIApplicationSupportsIndirectInputEvents = YES;
				INFOPLIST_KEY_UILaunchStoryboardName = LaunchScreen;
				INFOPLIST_KEY_UIMainStoryboardFile = Main;
				INFOPLIST_KEY_UISupportedInterfaceOrientations_iPad = "UIInterfaceOrientationPortrait UIInterfaceOrientationPortraitUpsideDown UIInterfaceOrientationLandscapeLeft UIInterfaceOrientationLandscapeRight";
				INFOPLIST_KEY_UISupportedInterfaceOrientations_iPhone = "UIInterfaceOrientationPortrait UIInterfaceOrientationLandscapeLeft UIInterfaceOrientationLandscapeRight";
				LD_RUNPATH_SEARCH_PATHS = (
					"$(inherited)",
					"@executable_path/Frameworks",
				);
				MARKETING_VERSION = 1.0;
				PRODUCT_BUNDLE_IDENTIFIER = com.erhan.InsagramClone.myapp;
				PRODUCT_NAME = "$(TARGET_NAME)";
				SWIFT_EMIT_LOC_STRINGS = YES;
				SWIFT_VERSION = 5.0;
				TARGETED_DEVICE_FAMILY = "1,2";
			};
			name = Release;
		};
		ABA7FA1527C6399E00BC81C1 /* Debug */ = {
			isa = XCBuildConfiguration;
			buildSettings = {
				ALWAYS_EMBED_SWIFT_STANDARD_LIBRARIES = YES;
				BUNDLE_LOADER = "$(TEST_HOST)";
				CODE_SIGN_STYLE = Automatic;
				CURRENT_PROJECT_VERSION = 1;
				DEVELOPMENT_TEAM = P2A5X9EC45;
				GENERATE_INFOPLIST_FILE = YES;
				IPHONEOS_DEPLOYMENT_TARGET = 15.0;
				LD_RUNPATH_SEARCH_PATHS = (
					"$(inherited)",
					"@executable_path/Frameworks",
					"@loader_path/Frameworks",
				);
				MARKETING_VERSION = 1.0;
				PRODUCT_BUNDLE_IDENTIFIER = com.erhan.InsagramClone.myappTests;
				PRODUCT_NAME = "$(TARGET_NAME)";
				SWIFT_EMIT_LOC_STRINGS = NO;
				SWIFT_VERSION = 5.0;
				TARGETED_DEVICE_FAMILY = "1,2";
				TEST_HOST = "$(BUILT_PRODUCTS_DIR)/myapp.app/myapp";
			};
			name = Debug;
		};
		ABA7FA1627C6399E00BC81C1 /* Release */ = {
			isa = XCBuildConfiguration;
			buildSettings = {
				ALWAYS_EMBED_SWIFT_STANDARD_LIBRARIES = YES;
				BUNDLE_LOADER = "$(TEST_HOST)";
				CODE_SIGN_STYLE = Automatic;
				CURRENT_PROJECT_VERSION = 1;
				DEVELOPMENT_TEAM = P2A5X9EC45;
				GENERATE_INFOPLIST_FILE = YES;
				IPHONEOS_DEPLOYMENT_TARGET = 15.0;
				LD_RUNPATH_SEARCH_PATHS = (
					"$(inherited)",
					"@executable_path/Frameworks",
					"@loader_path/Frameworks",
				);
				MARKETING_VERSION = 1.0;
				PRODUCT_BUNDLE_IDENTIFIER = com.erhan.InsagramClone.myappTests;
				PRODUCT_NAME = "$(TARGET_NAME)";
				SWIFT_EMIT_LOC_STRINGS = NO;
				SWIFT_VERSION = 5.0;
				TARGETED_DEVICE_FAMILY = "1,2";
				TEST_HOST = "$(BUILT_PRODUCTS_DIR)/myapp.app/myapp";
			};
			name = Release;
		};
		ABA7FA1827C6399E00BC81C1 /* Debug */ = {
			isa = XCBuildConfiguration;
			buildSettings = {
				ALWAYS_EMBED_SWIFT_STANDARD_LIBRARIES = YES;
				CODE_SIGN_STYLE = Automatic;
				CURRENT_PROJECT_VERSION = 1;
				DEVELOPMENT_TEAM = P2A5X9EC45;
				GENERATE_INFOPLIST_FILE = YES;
				LD_RUNPATH_SEARCH_PATHS = (
					"$(inherited)",
					"@executable_path/Frameworks",
					"@loader_path/Frameworks",
				);
				MARKETING_VERSION = 1.0;
				PRODUCT_BUNDLE_IDENTIFIER = com.erhan.InsagramClone.myappUITests;
				PRODUCT_NAME = "$(TARGET_NAME)";
				SWIFT_EMIT_LOC_STRINGS = NO;
				SWIFT_VERSION = 5.0;
				TARGETED_DEVICE_FAMILY = "1,2";
				TEST_TARGET_NAME = myapp;
			};
			name = Debug;
		};
		ABA7FA1927C6399E00BC81C1 /* Release */ = {
			isa = XCBuildConfiguration;
			buildSettings = {
				ALWAYS_EMBED_SWIFT_STANDARD_LIBRARIES = YES;
				CODE_SIGN_STYLE = Automatic;
				CURRENT_PROJECT_VERSION = 1;
				DEVELOPMENT_TEAM = P2A5X9EC45;
				GENERATE_INFOPLIST_FILE = YES;
				LD_RUNPATH_SEARCH_PATHS = (
					"$(inherited)",
					"@executable_path/Frameworks",
					"@loader_path/Frameworks",
				);
				MARKETING_VERSION = 1.0;
				PRODUCT_BUNDLE_IDENTIFIER = com.erhan.InsagramClone.myappUITests;
				PRODUCT_NAME = "$(TARGET_NAME)";
				SWIFT_EMIT_LOC_STRINGS = NO;
				SWIFT_VERSION = 5.0;
				TARGETED_DEVICE_FAMILY = "1,2";
				TEST_TARGET_NAME = myapp;
			};
			name = Release;
		};
/* End XCBuildConfiguration section */

/* Begin XCConfigurationList section */
		ABA7F9E227C6399C00BC81C1 /* Build configuration list for PBXProject "myapp" */ = {
			isa = XCConfigurationList;
			buildConfigurations = (
				ABA7FA0F27C6399E00BC81C1 /* Debug */,
				ABA7FA1027C6399E00BC81C1 /* Release */,
			);
			defaultConfigurationIsVisible = 0;
			defaultConfigurationName = Release;
		};
		ABA7FA1127C6399E00BC81C1 /* Build configuration list for PBXNativeTarget "myapp" */ = {
			isa = XCConfigurationList;
			buildConfigurations = (
				ABA7FA1227C6399E00BC81C1 /* Debug */,
				ABA7FA1327C6399E00BC81C1 /* Release */,
			);
			defaultConfigurationIsVisible = 0;
			defaultConfigurationName = Release;
		};
		ABA7FA1427C6399E00BC81C1 /* Build configuration list for PBXNativeTarget "myappTests" */ = {
			isa = XCConfigurationList;
			buildConfigurations = (
				ABA7FA1527C6399E00BC81C1 /* Debug */,
				ABA7FA1627C6399E00BC81C1 /* Release */,
			);
			defaultConfigurationIsVisible = 0;
			defaultConfigurationName = Release;
		};
		ABA7FA1727C6399E00BC81C1 /* Build configuration list for PBXNativeTarget "myappUITests" */ = {
			isa = XCConfigurationList;
			buildConfigurations = (
				ABA7FA1827C6399E00BC81C1 /* Debug */,
				ABA7FA1927C6399E00BC81C1 /* Release */,
			);
			defaultConfigurationIsVisible = 0;
			defaultConfigurationName = Release;
		};
/* End XCConfigurationList section */

/* Begin XCRemoteSwiftPackageReference section */
		ABA7FA1A27C63E1D00BC81C1 /* XCRemoteSwiftPackageReference "lottie-ios" */ = {
			isa = XCRemoteSwiftPackageReference;
			repositoryURL = "https://github.com/airbnb/lottie-ios";
			requirement = {
				kind = upToNextMajorVersion;
				minimumVersion = 3.0.0;
			};
		};
/* End XCRemoteSwiftPackageReference section */

/* Begin XCSwiftPackageProductDependency section */
		ABA7FA1B27C63E1D00BC81C1 /* Lottie */ = {
			isa = XCSwiftPackageProductDependency;
			package = ABA7FA1A27C63E1D00BC81C1 /* XCRemoteSwiftPackageReference "lottie-ios" */;
			productName = Lottie;
		};
/* End XCSwiftPackageProductDependency section */
	};
	rootObject = ABA7F9DF27C6399C00BC81C1 /* Project object */;
}
